
Microsoft Visual Studio Solution File, Format Version 11.00
# Visual Studio 2010
Project("{FAE04EC0-301F-11D3-BF4B-00C04F79EFBC}") = "InventoryApp", "MyProject\InventoryApp.csproj", "{34091190-2E75-476B-9919-99146EFEE0B7}"
EndProject
Project("{FAE04EC0-301F-11D3-BF4B-00C04F79EFBC}") = "InventoryApp.Tests", "MyProject.Tests\InventoryApp.Tests.csproj", "{301EEB07-B21D-4091-B3F5-EF2E49819280}"
EndProject
Global
	GlobalSection(SolutionConfigurationPlatforms) = preSolution
		Debug|Any CPU = Debug|Any CPU
		Release|Any CPU = Release|Any CPU
	EndGlobalSection
	GlobalSection(ProjectConfigurationPlatforms) = postSolution
		{34091190-2E75-476B-9919-99146EFEE0B7}.Debug|Any CPU.ActiveCfg = Debug|Any CPU
		{34091190-2E75-476B-9919-99146EFEE0B7}.Debug|Any CPU.Build.0 = Debug|Any CPU
		{34091190-2E75-476B-9919-99146EFEE0B7}.Release|Any CPU.ActiveCfg = Release|Any CPU
		{34091190-2E75-476B-9919-99146EFEE0B7}.Release|Any CPU.Build.0 = Release|Any CPU
		{301EEB07-B21D-4091-B3F5-EF2E49819280}.Debug|Any CPU.ActiveCfg = Debug|Any CPU
		{301EEB07-B21D-4091-B3F5-EF2E49819280}.Debug|Any CPU.Build.0 = Debug|Any CPU
		{301EEB07-B21D-4091-B3F5-EF2E49819280}.Release|Any CPU.ActiveCfg = Release|Any CPU
		{301EEB07-B21D-4091-B3F5-EF2E49819280}.Release|Any CPU.Build.0 = Release|Any CPU
	EndGlobalSection
	GlobalSection(SolutionProperties) = preSolution
		HideSolutionNode = FALSE
	EndGlobalSection
EndGlobal
